
Microsoft Visual Studio Solution File, Format Version 12.00
# Visual Studio Version 17
VisualStudioVersion = 17.5.33516.290
MinimumVisualStudioVersion = 10.0.40219.1
Project("{FAE04EC0-301F-11D3-BF4B-00C04F79EFBC}") = "RadioFurniture", "RadioFurniture\RadioFurniture.csproj", "{B265BF94-8681-426E-BD02-C08BC82D5FEA}"
EndProject
Global
	GlobalSection(SolutionConfigurationPlatforms) = preSolution
		Debug|Any CPU = Debug|Any CPU
		Release|Any CPU = Release|Any CPU
	EndGlobalSection
	GlobalSection(ProjectConfigurationPlatforms) = postSolution
		{B265BF94-8681-426E-BD02-C08BC82D5FEA}.Debug|Any CPU.ActiveCfg = Debug|Any CPU
		{B265BF94-8681-426E-BD02-C08BC82D5FEA}.Debug|Any CPU.Build.0 = Debug|Any CPU
		{B265BF94-8681-426E-BD02-C08BC82D5FEA}.Release|Any CPU.ActiveCfg = Release|Any CPU
		{B265BF94-8681-426E-BD02-C08BC82D5FEA}.Release|Any CPU.Build.0 = Release|Any CPU
	EndGlobalSection
	GlobalSection(SolutionProperties) = preSolution
		HideSolutionNode = FALSE
	EndGlobalSection
	GlobalSection(ExtensibilityGlobals) = postSolution
		SolutionGuid = {4A1D2F5E-D7A5-4986-94BF-0489370B6886}
	EndGlobalSection
EndGlobal
